
Microsoft Visual Studio Solution File, Format Version 12.00
# Visual Studio Version 17
VisualStudioVersion = 17.14.36327.8 d17.14
MinimumVisualStudioVersion = 10.0.40219.1
Project("{FAE04EC0-301F-11D3-BF4B-00C04F79EFBC}") = "HemoAnalytics", "HemoAnalytics\HemoAnalytics.csproj", "{B54D75D5-22B2-463B-B036-ABF51984C266}"
EndProject
Global
	GlobalSection(SolutionConfigurationPlatforms) = preSolution
		Debug|Any CPU = Debug|Any CPU
		Release|Any CPU = Release|Any CPU
	EndGlobalSection
	GlobalSection(ProjectConfigurationPlatforms) = postSolution
		{B54D75D5-22B2-463B-B036-ABF51984C266}.Debug|Any CPU.ActiveCfg = Debug|Any CPU
		{B54D75D5-22B2-463B-B036-ABF51984C266}.Debug|Any CPU.Build.0 = Debug|Any CPU
		{B54D75D5-22B2-463B-B036-ABF51984C266}.Release|Any CPU.ActiveCfg = Release|Any CPU
		{B54D75D5-22B2-463B-B036-ABF51984C266}.Release|Any CPU.Build.0 = Release|Any CPU
	EndGlobalSection
	GlobalSection(SolutionProperties) = preSolution
		HideSolutionNode = FALSE
	EndGlobalSection
	GlobalSection(ExtensibilityGlobals) = postSolution
		SolutionGuid = {C747EEA0-E780-4762-8B69-F19B9B0D26A6}
	EndGlobalSection
EndGlobal
